// !$*UTF8*$!
{
	archiveVersion = 1;
	classes = {
	};
	objectVersion = 56;
	objects = {

/* Begin PBXBuildFile section */
		EB91D0782A1073E4003DA117 /* AppDelegate.swift in Sources */ = {isa = PBXBuildFile; fileRef = EB91D0772A1073E4003DA117 /* AppDelegate.swift */; };
		EB91D07E2A1073E5003DA117 /* MenuScene.swift in Sources */ = {isa = PBXBuildFile; fileRef = EB91D07D2A1073E5003DA117 /* MenuScene.swift */; };
		EB91D0802A1073E5003DA117 /* GameViewController.swift in Sources */ = {isa = PBXBuildFile; fileRef = EB91D07F2A1073E5003DA117 /* GameViewController.swift */; };
		EB91D0852A1073E7003DA117 /* Assets.xcassets in Resources */ = {isa = PBXBuildFile; fileRef = EB91D0842A1073E7003DA117 /* Assets.xcassets */; };
		EB91D0882A1073E7003DA117 /* LaunchScreen.storyboard in Resources */ = {isa = PBXBuildFile; fileRef = EB91D0862A1073E7003DA117 /* LaunchScreen.storyboard */; };
		EB91D0942A1074AA003DA117 /* BaseScene.swift in Sources */ = {isa = PBXBuildFile; fileRef = EB91D0932A1074AA003DA117 /* BaseScene.swift */; };
		EB91D0962A107562003DA117 /* Enums.swift in Sources */ = {isa = PBXBuildFile; fileRef = EB91D0952A107562003DA117 /* Enums.swift */; };
		EB91D0982A107793003DA117 /* SplashScene.swift in Sources */ = {isa = PBXBuildFile; fileRef = EB91D0972A107793003DA117 /* SplashScene.swift */; };
		EB91D09A2A108F61003DA117 /* StoreScene.swift in Sources */ = {isa = PBXBuildFile; fileRef = EB91D0992A108F61003DA117 /* StoreScene.swift */; };
		EB91D09C2A108F76003DA117 /* AchivementsScene.swift in Sources */ = {isa = PBXBuildFile; fileRef = EB91D09B2A108F76003DA117 /* AchivementsScene.swift */; };
		EB91D09E2A108F7D003DA117 /* LoseScene.swift in Sources */ = {isa = PBXBuildFile; fileRef = EB91D09D2A108F7D003DA117 /* LoseScene.swift */; };
		EB91D0A02A108F84003DA117 /* WinScene.swift in Sources */ = {isa = PBXBuildFile; fileRef = EB91D09F2A108F84003DA117 /* WinScene.swift */; };
		EB91D0A22A108F9E003DA117 /* LotteryScene.swift in Sources */ = {isa = PBXBuildFile; fileRef = EB91D0A12A108F9E003DA117 /* LotteryScene.swift */; };
		EB91D0A52A1090D9003DA117 /* Evil-Empire.otf in Resources */ = {isa = PBXBuildFile; fileRef = EB91D0A42A1090D9003DA117 /* Evil-Empire.otf */; };
		EB91D0A82A1096B0003DA117 /* GameSetups.swift in Sources */ = {isa = PBXBuildFile; fileRef = EB91D0A72A1096B0003DA117 /* GameSetups.swift */; };
		EB91D0AC2A10AC53003DA117 /* ChoosingLevelScene.swift in Sources */ = {isa = PBXBuildFile; fileRef = EB91D0AB2A10AC53003DA117 /* ChoosingLevelScene.swift */; };
		EBF220D42A14E9F100708A1B /* Extensions.swift in Sources */ = {isa = PBXBuildFile; fileRef = EBF220D32A14E9F100708A1B /* Extensions.swift */; };
		EBF220D62A14F23800708A1B /* GameScene.swift in Sources */ = {isa = PBXBuildFile; fileRef = EBF220D52A14F23800708A1B /* GameScene.swift */; };
		EBF220D82A16714300708A1B /* ElementStruct.swift in Sources */ = {isa = PBXBuildFile; fileRef = EBF220D72A16714300708A1B /* ElementStruct.swift */; };
/* End PBXBuildFile section */

/* Begin PBXFileReference section */
		EB91D0742A1073E4003DA117 /* Treasure Of Atlantis.app */ = {isa = PBXFileReference; explicitFileType = wrapper.application; includeInIndex = 0; path = "Treasure Of Atlantis.app"; sourceTree = BUILT_PRODUCTS_DIR; };
		EB91D0772A1073E4003DA117 /* AppDelegate.swift */ = {isa = PBXFileReference; lastKnownFileType = sourcecode.swift; path = AppDelegate.swift; sourceTree = "<group>"; };
		EB91D07D2A1073E5003DA117 /* MenuScene.swift */ = {isa = PBXFileReference; lastKnownFileType = sourcecode.swift; path = MenuScene.swift; sourceTree = "<group>"; };
		EB91D07F2A1073E5003DA117 /* GameViewController.swift */ = {isa = PBXFileReference; lastKnownFileType = sourcecode.swift; path = GameViewController.swift; sourceTree = "<group>"; };
		EB91D0842A1073E7003DA117 /* Assets.xcassets */ = {isa = PBXFileReference; lastKnownFileType = folder.assetcatalog; path = Assets.xcassets; sourceTree = "<group>"; };
		EB91D0872A1073E7003DA117 /* Base */ = {isa = PBXFileReference; lastKnownFileType = file.storyboard; name = Base; path = Base.lproj/LaunchScreen.storyboard; sourceTree = "<group>"; };
		EB91D0932A1074AA003DA117 /* BaseScene.swift */ = {isa = PBXFileReference; lastKnownFileType = sourcecode.swift; path = BaseScene.swift; sourceTree = "<group>"; };
		EB91D0952A107562003DA117 /* Enums.swift */ = {isa = PBXFileReference; lastKnownFileType = sourcecode.swift; path = Enums.swift; sourceTree = "<group>"; };
		EB91D0972A107793003DA117 /* SplashScene.swift */ = {isa = PBXFileReference; lastKnownFileType = sourcecode.swift; path = SplashScene.swift; sourceTree = "<group>"; };
		EB91D0992A108F61003DA117 /* StoreScene.swift */ = {isa = PBXFileReference; lastKnownFileType = sourcecode.swift; path = StoreScene.swift; sourceTree = "<group>"; };
		EB91D09B2A108F76003DA117 /* AchivementsScene.swift */ = {isa = PBXFileReference; lastKnownFileType = sourcecode.swift; path = AchivementsScene.swift; sourceTree = "<group>"; };
		EB91D09D2A108F7D003DA117 /* LoseScene.swift */ = {isa = PBXFileReference; lastKnownFileType = sourcecode.swift; path = LoseScene.swift; sourceTree = "<group>"; };
		EB91D09F2A108F84003DA117 /* WinScene.swift */ = {isa = PBXFileReference; lastKnownFileType = sourcecode.swift; path = WinScene.swift; sourceTree = "<group>"; };
		EB91D0A12A108F9E003DA117 /* LotteryScene.swift */ = {isa = PBXFileReference; lastKnownFileType = sourcecode.swift; path = LotteryScene.swift; sourceTree = "<group>"; };
		EB91D0A42A1090D9003DA117 /* Evil-Empire.otf */ = {isa = PBXFileReference; lastKnownFileType = file; path = "Evil-Empire.otf"; sourceTree = "<group>"; };
		EB91D0A62A1090EE003DA117 /* Treasure-Of-Atlantis-Info.plist */ = {isa = PBXFileReference; lastKnownFileType = text.plist.xml; name = "Treasure-Of-Atlantis-Info.plist"; path = "Treasure Of Atlantis/Resources/Treasure-Of-Atlantis-Info.plist"; sourceTree = SOURCE_ROOT; };
		EB91D0A72A1096B0003DA117 /* GameSetups.swift */ = {isa = PBXFileReference; lastKnownFileType = sourcecode.swift; path = GameSetups.swift; sourceTree = "<group>"; };
		EB91D0AB2A10AC53003DA117 /* ChoosingLevelScene.swift */ = {isa = PBXFileReference; lastKnownFileType = sourcecode.swift; path = ChoosingLevelScene.swift; sourceTree = "<group>"; };
		EBF220D32A14E9F100708A1B /* Extensions.swift */ = {isa = PBXFileReference; lastKnownFileType = sourcecode.swift; path = Extensions.swift; sourceTree = "<group>"; };
		EBF220D52A14F23800708A1B /* GameScene.swift */ = {isa = PBXFileReference; lastKnownFileType = sourcecode.swift; path = GameScene.swift; sourceTree = "<group>"; };
		EBF220D72A16714300708A1B /* ElementStruct.swift */ = {isa = PBXFileReference; lastKnownFileType = sourcecode.swift; path = ElementStruct.swift; sourceTree = "<group>"; };
/* End PBXFileReference section */

/* Begin PBXFrameworksBuildPhase section */
		EB91D0712A1073E4003DA117 /* Frameworks */ = {
			isa = PBXFrameworksBuildPhase;
			buildActionMask = 2147483647;
			files = (
			);
			runOnlyForDeploymentPostprocessing = 0;
		};
/* End PBXFrameworksBuildPhase section */

/* Begin PBXGroup section */
		EB91D06B2A1073E4003DA117 = {
			isa = PBXGroup;
			children = (
				EB91D0762A1073E4003DA117 /* Treasure Of Atlantis */,
				EB91D0752A1073E4003DA117 /* Products */,
			);
			sourceTree = "<group>";
		};
		EB91D0752A1073E4003DA117 /* Products */ = {
			isa = PBXGroup;
			children = (
				EB91D0742A1073E4003DA117 /* Treasure Of Atlantis.app */,
			);
			name = Products;
			sourceTree = "<group>";
		};
		EB91D0762A1073E4003DA117 /* Treasure Of Atlantis */ = {
			isa = PBXGroup;
			children = (
				EB91D0912A10743E003DA117 /* Application */,
				EB91D0922A107446003DA117 /* Helpers */,
				EB91D08F2A107431003DA117 /* Scenes */,
				EB91D0902A107437003DA117 /* ViewControllers */,
				EB91D08E2A10742B003DA117 /* Resources */,
			);
			path = "Treasure Of Atlantis";
			sourceTree = "<group>";
		};
		EB91D08E2A10742B003DA117 /* Resources */ = {
			isa = PBXGroup;
			children = (
				EB91D0A32A1090D1003DA117 /* Fonts */,
				EB91D0842A1073E7003DA117 /* Assets.xcassets */,
				EB91D0862A1073E7003DA117 /* LaunchScreen.storyboard */,
				EB91D0A62A1090EE003DA117 /* Treasure-Of-Atlantis-Info.plist */,
			);
			path = Resources;
			sourceTree = "<group>";
		};
		EB91D08F2A107431003DA117 /* Scenes */ = {
			isa = PBXGroup;
			children = (
				EB91D07D2A1073E5003DA117 /* MenuScene.swift */,
				EB91D0972A107793003DA117 /* SplashScene.swift */,
				EB91D0992A108F61003DA117 /* StoreScene.swift */,
				EB91D09B2A108F76003DA117 /* AchivementsScene.swift */,
				EB91D09D2A108F7D003DA117 /* LoseScene.swift */,
				EB91D09F2A108F84003DA117 /* WinScene.swift */,
				EB91D0A12A108F9E003DA117 /* LotteryScene.swift */,
				EB91D0AB2A10AC53003DA117 /* ChoosingLevelScene.swift */,
				EBF220D52A14F23800708A1B /* GameScene.swift */,
			);
			path = Scenes;
			sourceTree = "<group>";
		};
		EB91D0902A107437003DA117 /* ViewControllers */ = {
			isa = PBXGroup;
			children = (
				EB91D07F2A1073E5003DA117 /* GameViewController.swift */,
			);
			path = ViewControllers;
			sourceTree = "<group>";
		};
		EB91D0912A10743E003DA117 /* Application */ = {
			isa = PBXGroup;
			children = (
				EB91D0772A1073E4003DA117 /* AppDelegate.swift */,
			);
			path = Application;
			sourceTree = "<group>";
		};
		EB91D0922A107446003DA117 /* Helpers */ = {
			isa = PBXGroup;
			children = (
				EB91D0AA2A10970E003DA117 /* Classes */,
				EB91D0952A107562003DA117 /* Enums.swift */,
				EBF220D32A14E9F100708A1B /* Extensions.swift */,
				EBF220D72A16714300708A1B /* ElementStruct.swift */,
			);
			path = Helpers;
			sourceTree = "<group>";
		};
		EB91D0A32A1090D1003DA117 /* Fonts */ = {
			isa = PBXGroup;
			children = (
				EB91D0A42A1090D9003DA117 /* Evil-Empire.otf */,
			);
			path = Fonts;
			sourceTree = "<group>";
		};
		EB91D0AA2A10970E003DA117 /* Classes */ = {
			isa = PBXGroup;
			children = (
				EB91D0932A1074AA003DA117 /* BaseScene.swift */,
				EB91D0A72A1096B0003DA117 /* GameSetups.swift */,
			);
			path = Classes;
			sourceTree = "<group>";
		};
/* End PBXGroup section */

/* Begin PBXNativeTarget section */
		EB91D0732A1073E4003DA117 /* Treasure Of Atlantis */ = {
			isa = PBXNativeTarget;
			buildConfigurationList = EB91D08B2A1073E7003DA117 /* Build configuration list for PBXNativeTarget "Treasure Of Atlantis" */;
			buildPhases = (
				EB91D0702A1073E4003DA117 /* Sources */,
				EB91D0712A1073E4003DA117 /* Frameworks */,
				EB91D0722A1073E4003DA117 /* Resources */,
			);
			buildRules = (
			);
			dependencies = (
			);
			name = "Treasure Of Atlantis";
			productName = "Treasure Of Atlantis";
			productReference = EB91D0742A1073E4003DA117 /* Treasure Of Atlantis.app */;
			productType = "com.apple.product-type.application";
		};
/* End PBXNativeTarget section */

/* Begin PBXProject section */
		EB91D06C2A1073E4003DA117 /* Project object */ = {
			isa = PBXProject;
			attributes = {
				BuildIndependentTargetsInParallel = 1;
				LastSwiftUpdateCheck = 1430;
				LastUpgradeCheck = 1430;
				TargetAttributes = {
					EB91D0732A1073E4003DA117 = {
						CreatedOnToolsVersion = 14.3;
					};
				};
			};
			buildConfigurationList = EB91D06F2A1073E4003DA117 /* Build configuration list for PBXProject "Treasure Of Atlantis" */;
			compatibilityVersion = "Xcode 14.0";
			developmentRegion = en;
			hasScannedForEncodings = 0;
			knownRegions = (
				en,
				Base,
			);
			mainGroup = EB91D06B2A1073E4003DA117;
			productRefGroup = EB91D0752A1073E4003DA117 /* Products */;
			projectDirPath = "";
			projectRoot = "";
			targets = (
				EB91D0732A1073E4003DA117 /* Treasure Of Atlantis */,
			);
		};
/* End PBXProject section */

/* Begin PBXResourcesBuildPhase section */
		EB91D0722A1073E4003DA117 /* Resources */ = {
			isa = PBXResourcesBuildPhase;
			buildActionMask = 2147483647;
			files = (
				EB91D0852A1073E7003DA117 /* Assets.xcassets in Resources */,
				EB91D0882A1073E7003DA117 /* LaunchScreen.storyboard in Resources */,
				EB91D0A52A1090D9003DA117 /* Evil-Empire.otf in Resources */,
			);
			runOnlyForDeploymentPostprocessing = 0;
		};
/* End PBXResourcesBuildPhase section */

/* Begin PBXSourcesBuildPhase section */
		EB91D0702A1073E4003DA117 /* Sources */ = {
			isa = PBXSourcesBuildPhase;
			buildActionMask = 2147483647;
			files = (
				EBF220D62A14F23800708A1B /* GameScene.swift in Sources */,
				EB91D07E2A1073E5003DA117 /* MenuScene.swift in Sources */,
				EB91D0A82A1096B0003DA117 /* GameSetups.swift in Sources */,
				EB91D0AC2A10AC53003DA117 /* ChoosingLevelScene.swift in Sources */,
				EB91D0A02A108F84003DA117 /* WinScene.swift in Sources */,
				EBF220D82A16714300708A1B /* ElementStruct.swift in Sources */,
				EB91D0802A1073E5003DA117 /* GameViewController.swift in Sources */,
				EB91D09A2A108F61003DA117 /* StoreScene.swift in Sources */,
				EB91D0A22A108F9E003DA117 /* LotteryScene.swift in Sources */,
				EB91D0782A1073E4003DA117 /* AppDelegate.swift in Sources */,
				EB91D0962A107562003DA117 /* Enums.swift in Sources */,
				EB91D0942A1074AA003DA117 /* BaseScene.swift in Sources */,
				EB91D09E2A108F7D003DA117 /* LoseScene.swift in Sources */,
				EB91D09C2A108F76003DA117 /* AchivementsScene.swift in Sources */,
				EB91D0982A107793003DA117 /* SplashScene.swift in Sources */,
				EBF220D42A14E9F100708A1B /* Extensions.swift in Sources */,
			);
			runOnlyForDeploymentPostprocessing = 0;
		};
/* End PBXSourcesBuildPhase section */

/* Begin PBXVariantGroup section */
		EB91D0862A1073E7003DA117 /* LaunchScreen.storyboard */ = {
			isa = PBXVariantGroup;
			children = (
				EB91D0872A1073E7003DA117 /* Base */,
			);
			name = LaunchScreen.storyboard;
			sourceTree = "<group>";
		};
/* End PBXVariantGroup section */

/* Begin XCBuildConfiguration section */
		EB91D0892A1073E7003DA117 /* Debug */ = {
			isa = XCBuildConfiguration;
			buildSettings = {
				ALWAYS_SEARCH_USER_PATHS = NO;
				CLANG_ANALYZER_NONNULL = YES;
				CLANG_ANALYZER_NUMBER_OBJECT_CONVERSION = YES_AGGRESSIVE;
				CLANG_CXX_LANGUAGE_STANDARD = "gnu++20";
				CLANG_ENABLE_MODULES = YES;
				CLANG_ENABLE_OBJC_ARC = YES;
				CLANG_ENABLE_OBJC_WEAK = YES;
				CLANG_WARN_BLOCK_CAPTURE_AUTORELEASING = YES;
				CLANG_WARN_BOOL_CONVERSION = YES;
				CLANG_WARN_COMMA = YES;
				CLANG_WARN_CONSTANT_CONVERSION = YES;
				CLANG_WARN_DEPRECATED_OBJC_IMPLEMENTATIONS = YES;
				CLANG_WARN_DIRECT_OBJC_ISA_USAGE = YES_ERROR;
				CLANG_WARN_DOCUMENTATION_COMMENTS = YES;
				CLANG_WARN_EMPTY_BODY = YES;
				CLANG_WARN_ENUM_CONVERSION = YES;
				CLANG_WARN_INFINITE_RECURSION = YES;
				CLANG_WARN_INT_CONVERSION = YES;
				CLANG_WARN_NON_LITERAL_NULL_CONVERSION = YES;
				CLANG_WARN_OBJC_IMPLICIT_RETAIN_SELF = YES;
				CLANG_WARN_OBJC_LITERAL_CONVERSION = YES;
				CLANG_WARN_OBJC_ROOT_CLASS = YES_ERROR;
				CLANG_WARN_QUOTED_INCLUDE_IN_FRAMEWORK_HEADER = YES;
				CLANG_WARN_RANGE_LOOP_ANALYSIS = YES;
				CLANG_WARN_STRICT_PROTOTYPES = YES;
				CLANG_WARN_SUSPICIOUS_MOVE = YES;
				CLANG_WARN_UNGUARDED_AVAILABILITY = YES_AGGRESSIVE;
				CLANG_WARN_UNREACHABLE_CODE = YES;
				CLANG_WARN__DUPLICATE_METHOD_MATCH = YES;
				COPY_PHASE_STRIP = NO;
				DEBUG_INFORMATION_FORMAT = dwarf;
				ENABLE_STRICT_OBJC_MSGSEND = YES;
				ENABLE_TESTABILITY = YES;
				GCC_C_LANGUAGE_STANDARD = gnu11;
				GCC_DYNAMIC_NO_PIC = NO;
				GCC_NO_COMMON_BLOCKS = YES;
				GCC_OPTIMIZATION_LEVEL = 0;
				GCC_PREPROCESSOR_DEFINITIONS = (
					"DEBUG=1",
					"$(inherited)",
				);
				GCC_WARN_64_TO_32_BIT_CONVERSION = YES;
				GCC_WARN_ABOUT_RETURN_TYPE = YES_ERROR;
				GCC_WARN_UNDECLARED_SELECTOR = YES;
				GCC_WARN_UNINITIALIZED_AUTOS = YES_AGGRESSIVE;
				GCC_WARN_UNUSED_FUNCTION = YES;
				GCC_WARN_UNUSED_VARIABLE = YES;
				IPHONEOS_DEPLOYMENT_TARGET = 16.4;
				MTL_ENABLE_DEBUG_INFO = INCLUDE_SOURCE;
				MTL_FAST_MATH = YES;
				ONLY_ACTIVE_ARCH = YES;
				SDKROOT = iphoneos;
				SWIFT_ACTIVE_COMPILATION_CONDITIONS = DEBUG;
				SWIFT_OPTIMIZATION_LEVEL = "-Onone";
			};
			name = Debug;
		};
		EB91D08A2A1073E7003DA117 /* Release */ = {
			isa = XCBuildConfiguration;
			buildSettings = {
				ALWAYS_SEARCH_USER_PATHS = NO;
				CLANG_ANALYZER_NONNULL = YES;
				CLANG_ANALYZER_NUMBER_OBJECT_CONVERSION = YES_AGGRESSIVE;
				CLANG_CXX_LANGUAGE_STANDARD = "gnu++20";
				CLANG_ENABLE_MODULES = YES;
				CLANG_ENABLE_OBJC_ARC = YES;
				CLANG_ENABLE_OBJC_WEAK = YES;
				CLANG_WARN_BLOCK_CAPTURE_AUTORELEASING = YES;
				CLANG_WARN_BOOL_CONVERSION = YES;
				CLANG_WARN_COMMA = YES;
				CLANG_WARN_CONSTANT_CONVERSION = YES;
				CLANG_WARN_DEPRECATED_OBJC_IMPLEMENTATIONS = YES;
				CLANG_WARN_DIRECT_OBJC_ISA_USAGE = YES_ERROR;
				CLANG_WARN_DOCUMENTATION_COMMENTS = YES;
				CLANG_WARN_EMPTY_BODY = YES;
				CLANG_WARN_ENUM_CONVERSION = YES;
				CLANG_WARN_INFINITE_RECURSION = YES;
				CLANG_WARN_INT_CONVERSION = YES;
				CLANG_WARN_NON_LITERAL_NULL_CONVERSION = YES;
				CLANG_WARN_OBJC_IMPLICIT_RETAIN_SELF = YES;
				CLANG_WARN_OBJC_LITERAL_CONVERSION = YES;
				CLANG_WARN_OBJC_ROOT_CLASS = YES_ERROR;
				CLANG_WARN_QUOTED_INCLUDE_IN_FRAMEWORK_HEADER = YES;
				CLANG_WARN_RANGE_LOOP_ANALYSIS = YES;
				CLANG_WARN_STRICT_PROTOTYPES = YES;
				CLANG_WARN_SUSPICIOUS_MOVE = YES;
				CLANG_WARN_UNGUARDED_AVAILABILITY = YES_AGGRESSIVE;
				CLANG_WARN_UNREACHABLE_CODE = YES;
				CLANG_WARN__DUPLICATE_METHOD_MATCH = YES;
				COPY_PHASE_STRIP = NO;
				DEBUG_INFORMATION_FORMAT = "dwarf-with-dsym";
				ENABLE_NS_ASSERTIONS = NO;
				ENABLE_STRICT_OBJC_MSGSEND = YES;
				GCC_C_LANGUAGE_STANDARD = gnu11;
				GCC_NO_COMMON_BLOCKS = YES;
				GCC_WARN_64_TO_32_BIT_CONVERSION = YES;
				GCC_WARN_ABOUT_RETURN_TYPE = YES_ERROR;
				GCC_WARN_UNDECLARED_SELECTOR = YES;
				GCC_WARN_UNINITIALIZED_AUTOS = YES_AGGRESSIVE;
				GCC_WARN_UNUSED_FUNCTION = YES;
				GCC_WARN_UNUSED_VARIABLE = YES;
				IPHONEOS_DEPLOYMENT_TARGET = 16.4;
				MTL_ENABLE_DEBUG_INFO = NO;
				MTL_FAST_MATH = YES;
				SDKROOT = iphoneos;
				SWIFT_COMPILATION_MODE = wholemodule;
				SWIFT_OPTIMIZATION_LEVEL = "-O";
				VALIDATE_PRODUCT = YES;
			};
			name = Release;
		};
		EB91D08C2A1073E7003DA117 /* Debug */ = {
			isa = XCBuildConfiguration;
			buildSettings = {
				ASSETCATALOG_COMPILER_APPICON_NAME = AppIcon;
				ASSETCATALOG_COMPILER_GLOBAL_ACCENT_COLOR_NAME = AccentColor;
				CODE_SIGN_STYLE = Automatic;
				CURRENT_PROJECT_VERSION = 1;
				DEVELOPMENT_TEAM = N64BNPUBV4;
				GENERATE_INFOPLIST_FILE = YES;
				INFOPLIST_FILE = "$(TARGET_NAME)/Resources/Treasure-Of-Atlantis-Info.plist";
				INFOPLIST_KEY_UIApplicationSupportsIndirectInputEvents = YES;
				INFOPLIST_KEY_UILaunchStoryboardName = LaunchScreen;
				INFOPLIST_KEY_UIStatusBarHidden = YES;
				INFOPLIST_KEY_UISupportedInterfaceOrientations_iPad = "UIInterfaceOrientationPortrait UIInterfaceOrientationPortraitUpsideDown UIInterfaceOrientationLandscapeLeft UIInterfaceOrientationLandscapeRight";
				INFOPLIST_KEY_UISupportedInterfaceOrientations_iPhone = "UIInterfaceOrientationPortrait UIInterfaceOrientationLandscapeLeft UIInterfaceOrientationLandscapeRight";
				LD_RUNPATH_SEARCH_PATHS = (
					"$(inherited)",
					"@executable_path/Frameworks",
				);
				MARKETING_VERSION = 1.0;
				PRODUCT_BUNDLE_IDENTIFIER = "novex.Treasure-Of-Atlantis";
				PRODUCT_NAME = "$(TARGET_NAME)";
				SWIFT_EMIT_LOC_STRINGS = YES;
				SWIFT_VERSION = 5.0;
				TARGETED_DEVICE_FAMILY = "1,2";
			};
			name = Debug;
		};
		EB91D08D2A1073E7003DA117 /* Release */ = {
			isa = XCBuildConfiguration;
			buildSettings = {
				ASSETCATALOG_COMPILER_APPICON_NAME = AppIcon;
				ASSETCATALOG_COMPILER_GLOBAL_ACCENT_COLOR_NAME = AccentColor;
				CODE_SIGN_STYLE = Automatic;
				CURRENT_PROJECT_VERSION = 1;
				DEVELOPMENT_TEAM = N64BNPUBV4;
				GENERATE_INFOPLIST_FILE = YES;
				INFOPLIST_FILE = "$(TARGET_NAME)/Resources/Treasure-Of-Atlantis-Info.plist";
				INFOPLIST_KEY_UIApplicationSupportsIndirectInputEvents = YES;
				INFOPLIST_KEY_UILaunchStoryboardName = LaunchScreen;
				INFOPLIST_KEY_UIStatusBarHidden = YES;
				INFOPLIST_KEY_UISupportedInterfaceOrientations_iPad = "UIInterfaceOrientationPortrait UIInterfaceOrientationPortraitUpsideDown UIInterfaceOrientationLandscapeLeft UIInterfaceOrientationLandscapeRight";
				INFOPLIST_KEY_UISupportedInterfaceOrientations_iPhone = "UIInterfaceOrientationPortrait UIInterfaceOrientationLandscapeLeft UIInterfaceOrientationLandscapeRight";
				LD_RUNPATH_SEARCH_PATHS = (
					"$(inherited)",
					"@executable_path/Frameworks",
				);
				MARKETING_VERSION = 1.0;
				PRODUCT_BUNDLE_IDENTIFIER = "novex.Treasure-Of-Atlantis";
				PRODUCT_NAME = "$(TARGET_NAME)";
				SWIFT_EMIT_LOC_STRINGS = YES;
				SWIFT_VERSION = 5.0;
				TARGETED_DEVICE_FAMILY = "1,2";
			};
			name = Release;
		};
/* End XCBuildConfiguration section */

/* Begin XCConfigurationList section */
		EB91D06F2A1073E4003DA117 /* Build configuration list for PBXProject "Treasure Of Atlantis" */ = {
			isa = XCConfigurationList;
			buildConfigurations = (
				EB91D0892A1073E7003DA117 /* Debug */,
				EB91D08A2A1073E7003DA117 /* Release */,
			);
			defaultConfigurationIsVisible = 0;
			defaultConfigurationName = Release;
		};
		EB91D08B2A1073E7003DA117 /* Build configuration list for PBXNativeTarget "Treasure Of Atlantis" */ = {
			isa = XCConfigurationList;
			buildConfigurations = (
				EB91D08C2A1073E7003DA117 /* Debug */,
				EB91D08D2A1073E7003DA117 /* Release */,
			);
			defaultConfigurationIsVisible = 0;
			defaultConfigurationName = Release;
		};
/* End XCConfigurationList section */
	};
	rootObject = EB91D06C2A1073E4003DA117 /* Project object */;
}
